
Microsoft Visual Studio Solution File, Format Version 12.00
# Visual Studio 2017
Project("{FAE04EC0-301F-11D3-BF4B-00C04F79EFBC}") = "VroomVR", "VroomVR.csproj", "{0E16CDE3-95D5-4A29-ADE1-A3263BF740E7}"
EndProject
Project("{FAE04EC0-301F-11D3-BF4B-00C04F79EFBC}") = "VroomVR.Editor", "VroomVR.Editor.csproj", "{F04630B2-0173-9E98-A101-A54B12818E9C}"
EndProject
Global
	GlobalSection(SolutionConfigurationPlatforms) = preSolution
		Debug|Any CPU = Debug|Any CPU
		Release|Any CPU = Release|Any CPU
	EndGlobalSection
	GlobalSection(ProjectConfigurationPlatforms) = postSolution
		{0E16CDE3-95D5-4A29-ADE1-A3263BF740E7}.Debug|Any CPU.ActiveCfg = Debug|Any CPU
		{0E16CDE3-95D5-4A29-ADE1-A3263BF740E7}.Debug|Any CPU.Build.0 = Debug|Any CPU
		{0E16CDE3-95D5-4A29-ADE1-A3263BF740E7}.Release|Any CPU.ActiveCfg = Release|Any CPU
		{0E16CDE3-95D5-4A29-ADE1-A3263BF740E7}.Release|Any CPU.Build.0 = Release|Any CPU
		{F04630B2-0173-9E98-A101-A54B12818E9C}.Debug|Any CPU.ActiveCfg = Debug|Any CPU
		{F04630B2-0173-9E98-A101-A54B12818E9C}.Debug|Any CPU.Build.0 = Debug|Any CPU
		{F04630B2-0173-9E98-A101-A54B12818E9C}.Release|Any CPU.ActiveCfg = Release|Any CPU
		{F04630B2-0173-9E98-A101-A54B12818E9C}.Release|Any CPU.Build.0 = Release|Any CPU
	EndGlobalSection
	GlobalSection(SolutionProperties) = preSolution
		HideSolutionNode = FALSE
	EndGlobalSection
EndGlobal
